
Microsoft Visual Studio Solution File, Format Version 12.00
# Visual Studio Version 17
VisualStudioVersion = 17.7.34018.315
MinimumVisualStudioVersion = 10.0.40219.1
Project("{9A19103F-16F7-4668-BE54-9A1E7A4F7556}") = "WebApplicationKino0410", "WebApplicationKino0410.csproj", "{71E4DBDE-8367-4F1E-9DAB-F297A3D5846E}"
EndProject
Project("{FAE04EC0-301F-11D3-BF4B-00C04F79EFBC}") = "WebApplicationKinoAPI0510", "..\WebApplication0510\WebApplicationKinoAPI0510.csproj", "{8D27C488-FF57-472D-B43A-25AE7E70D799}"
EndProject
Project("{FAE04EC0-301F-11D3-BF4B-00C04F79EFBC}") = "ConsoleAppKinoApp0510", "..\ConsoleAppKinoApp0510\ConsoleAppKinoApp0510.csproj", "{D46ADD45-E06C-4C2E-9A32-21F5155FC0E4}"
EndProject
Global
	GlobalSection(SolutionConfigurationPlatforms) = preSolution
		Debug|Any CPU = Debug|Any CPU
		Release|Any CPU = Release|Any CPU
	EndGlobalSection
	GlobalSection(ProjectConfigurationPlatforms) = postSolution
		{71E4DBDE-8367-4F1E-9DAB-F297A3D5846E}.Debug|Any CPU.ActiveCfg = Debug|Any CPU
		{71E4DBDE-8367-4F1E-9DAB-F297A3D5846E}.Debug|Any CPU.Build.0 = Debug|Any CPU
		{71E4DBDE-8367-4F1E-9DAB-F297A3D5846E}.Release|Any CPU.ActiveCfg = Release|Any CPU
		{71E4DBDE-8367-4F1E-9DAB-F297A3D5846E}.Release|Any CPU.Build.0 = Release|Any CPU
		{8D27C488-FF57-472D-B43A-25AE7E70D799}.Debug|Any CPU.ActiveCfg = Debug|Any CPU
		{8D27C488-FF57-472D-B43A-25AE7E70D799}.Debug|Any CPU.Build.0 = Debug|Any CPU
		{8D27C488-FF57-472D-B43A-25AE7E70D799}.Release|Any CPU.ActiveCfg = Release|Any CPU
		{8D27C488-FF57-472D-B43A-25AE7E70D799}.Release|Any CPU.Build.0 = Release|Any CPU
		{D46ADD45-E06C-4C2E-9A32-21F5155FC0E4}.Debug|Any CPU.ActiveCfg = Debug|Any CPU
		{D46ADD45-E06C-4C2E-9A32-21F5155FC0E4}.Debug|Any CPU.Build.0 = Debug|Any CPU
		{D46ADD45-E06C-4C2E-9A32-21F5155FC0E4}.Release|Any CPU.ActiveCfg = Release|Any CPU
		{D46ADD45-E06C-4C2E-9A32-21F5155FC0E4}.Release|Any CPU.Build.0 = Release|Any CPU
	EndGlobalSection
	GlobalSection(SolutionProperties) = preSolution
		HideSolutionNode = FALSE
	EndGlobalSection
	GlobalSection(ExtensibilityGlobals) = postSolution
		SolutionGuid = {9BDD4F08-2672-43CE-B90F-9588FF55F651}
	EndGlobalSection
EndGlobal
